{
  "name": "help-barley-come-home",
  "version": "1.0.0",
  "lockfileVersion": 1,
  "requires": true,
  "dependencies": {
    "jquery": {
      "version": "3.4.1",
      "resolved": "https://registry.npmjs.org/jquery/-/jquery-3.4.1.tgz",
      "integrity": "sha512-36+AdBzCL+y6qjw5Tx7HgzeGCzC81MDDgaUP8ld2zhx58HdqXGoBd+tHdrBMiyjGQs0Hxs/MLZTu/eHNJJuWPw=="
    },
    "responsive-bp": {
      "version": "4.1.4",
      "resolved": "https://registry.npmjs.org/responsive-bp/-/responsive-bp-4.1.4.tgz",
      "integrity": "sha1-UNGZWHTgvw3BIblk3r9HczgbXKE=",
      "requires": {
        "jquery": ">=2.1.4"
      }
    }
  }
}
